
Microsoft Visual Studio Solution File, Format Version 12.00
# Visual Studio Version 16
VisualStudioVersion = 16.0.28922.388
MinimumVisualStudioVersion = 10.0.40219.1
Project("{FAE04EC0-301F-11D3-BF4B-00C04F79EFBC}") = "EcoProIT.UserControles", "EcoProIT.UserControles\EcoProIT.UserControles.csproj", "{510AC2D2-F9F1-4E0F-9A3C-B4C5DE82E08E}"
EndProject
Project("{2150E333-8FDC-42A3-9474-1A3956D46DE8}") = "Solution Items", "Solution Items", "{75B5259A-78E8-49A8-986C-D26114A8EFCF}"
EndProject
Project("{FAE04EC0-301F-11D3-BF4B-00C04F79EFBC}") = "EcoProIT.DataLayer", "EcoProIT.DataLayer\EcoProIT.DataLayer.csproj", "{BA87A3F0-E28C-4CC4-943B-2E1909DB0230}"
EndProject
Project("{FAE04EC0-301F-11D3-BF4B-00C04F79EFBC}") = "HelpClasses", "HelpClasses\HelpClasses.csproj", "{9F7953B5-BABD-4B88-B9CB-D73898AF4F79}"
EndProject
Project("{FAE04EC0-301F-11D3-BF4B-00C04F79EFBC}") = "IntelliBox", "IntelliBox\IntelliBox.csproj", "{1005DE71-8B98-4C78-8EE4-C577F1A64361}"
EndProject
Project("{FAE04EC0-301F-11D3-BF4B-00C04F79EFBC}") = "DESEngine", "DESEngine\DESEngine.csproj", "{F8A39FFC-98FD-4961-98EC-6BB1590D0ACE}"
EndProject
Project("{FAE04EC0-301F-11D3-BF4B-00C04F79EFBC}") = "EcoProIT.UI", "EcoProIT.UI\EcoProIT.UI.csproj", "{FEC8DCD1-007C-4196-B427-ADF221382559}"
EndProject
Project("{FAE04EC0-301F-11D3-BF4B-00C04F79EFBC}") = "Chart", "Chart\Chart.csproj", "{EC5C88F1-AB88-4517-8CBE-50B2C6EF1F55}"
EndProject
Project("{2150E333-8FDC-42A3-9474-1A3956D46DE8}") = "Licenses", "Licenses", "{C837B247-9B03-470F-B2FD-7ADE857D0713}"
	ProjectSection(SolutionItems) = preProject
		Licenses\Intellibox.txt = Licenses\Intellibox.txt
		Licenses\Licens for WPF Toolkit.txt = Licenses\Licens for WPF Toolkit.txt
		Licenses\React.net.txt = Licenses\React.net.txt
		Licenses\SparrowChart.txt = Licenses\SparrowChart.txt
		Licenses\SQLCE.txt = Licenses\SQLCE.txt
	EndProjectSection
EndProject
Global
	GlobalSection(SolutionConfigurationPlatforms) = preSolution
		CD_ROM|Any CPU = CD_ROM|Any CPU
		CD_ROM|Mixed Platforms = CD_ROM|Mixed Platforms
		CD_ROM|x64 = CD_ROM|x64
		CD_ROM|x86 = CD_ROM|x86
		Debug|Any CPU = Debug|Any CPU
		Debug|Mixed Platforms = Debug|Mixed Platforms
		Debug|x64 = Debug|x64
		Debug|x86 = Debug|x86
		DVD-5|Any CPU = DVD-5|Any CPU
		DVD-5|Mixed Platforms = DVD-5|Mixed Platforms
		DVD-5|x64 = DVD-5|x64
		DVD-5|x86 = DVD-5|x86
		Release|Any CPU = Release|Any CPU
		Release|Mixed Platforms = Release|Mixed Platforms
		Release|x64 = Release|x64
		Release|x86 = Release|x86
		SingleImage|Any CPU = SingleImage|Any CPU
		SingleImage|Mixed Platforms = SingleImage|Mixed Platforms
		SingleImage|x64 = SingleImage|x64
		SingleImage|x86 = SingleImage|x86
	EndGlobalSection
	GlobalSection(ProjectConfigurationPlatforms) = postSolution
		{510AC2D2-F9F1-4E0F-9A3C-B4C5DE82E08E}.CD_ROM|Any CPU.ActiveCfg = Release|Any CPU
		{510AC2D2-F9F1-4E0F-9A3C-B4C5DE82E08E}.CD_ROM|Any CPU.Build.0 = Release|Any CPU
		{510AC2D2-F9F1-4E0F-9A3C-B4C5DE82E08E}.CD_ROM|Mixed Platforms.ActiveCfg = Release|Any CPU
		{510AC2D2-F9F1-4E0F-9A3C-B4C5DE82E08E}.CD_ROM|Mixed Platforms.Build.0 = Release|Any CPU
		{510AC2D2-F9F1-4E0F-9A3C-B4C5DE82E08E}.CD_ROM|x64.ActiveCfg = Debug|Any CPU
		{510AC2D2-F9F1-4E0F-9A3C-B4C5DE82E08E}.CD_ROM|x86.ActiveCfg = Release|Any CPU
		{510AC2D2-F9F1-4E0F-9A3C-B4C5DE82E08E}.Debug|Any CPU.ActiveCfg = Debug|Any CPU
		{510AC2D2-F9F1-4E0F-9A3C-B4C5DE82E08E}.Debug|Any CPU.Build.0 = Debug|Any CPU
		{510AC2D2-F9F1-4E0F-9A3C-B4C5DE82E08E}.Debug|Mixed Platforms.ActiveCfg = Debug|Any CPU
		{510AC2D2-F9F1-4E0F-9A3C-B4C5DE82E08E}.Debug|Mixed Platforms.Build.0 = Debug|Any CPU
		{510AC2D2-F9F1-4E0F-9A3C-B4C5DE82E08E}.Debug|x64.ActiveCfg = Debug|Any CPU
		{510AC2D2-F9F1-4E0F-9A3C-B4C5DE82E08E}.Debug|x86.ActiveCfg = Debug|Any CPU
		{510AC2D2-F9F1-4E0F-9A3C-B4C5DE82E08E}.DVD-5|Any CPU.ActiveCfg = Debug|Any CPU
		{510AC2D2-F9F1-4E0F-9A3C-B4C5DE82E08E}.DVD-5|Any CPU.Build.0 = Debug|Any CPU
		{510AC2D2-F9F1-4E0F-9A3C-B4C5DE82E08E}.DVD-5|Mixed Platforms.ActiveCfg = Debug|Any CPU
		{510AC2D2-F9F1-4E0F-9A3C-B4C5DE82E08E}.DVD-5|Mixed Platforms.Build.0 = Debug|Any CPU
		{510AC2D2-F9F1-4E0F-9A3C-B4C5DE82E08E}.DVD-5|x64.ActiveCfg = Debug|Any CPU
		{510AC2D2-F9F1-4E0F-9A3C-B4C5DE82E08E}.DVD-5|x86.ActiveCfg = Debug|Any CPU
		{510AC2D2-F9F1-4E0F-9A3C-B4C5DE82E08E}.Release|Any CPU.ActiveCfg = Release|Any CPU
		{510AC2D2-F9F1-4E0F-9A3C-B4C5DE82E08E}.Release|Any CPU.Build.0 = Release|Any CPU
		{510AC2D2-F9F1-4E0F-9A3C-B4C5DE82E08E}.Release|Mixed Platforms.ActiveCfg = Release|Any CPU
		{510AC2D2-F9F1-4E0F-9A3C-B4C5DE82E08E}.Release|Mixed Platforms.Build.0 = Release|Any CPU
		{510AC2D2-F9F1-4E0F-9A3C-B4C5DE82E08E}.Release|x64.ActiveCfg = Release|Any CPU
		{510AC2D2-F9F1-4E0F-9A3C-B4C5DE82E08E}.Release|x86.ActiveCfg = Release|Any CPU
		{510AC2D2-F9F1-4E0F-9A3C-B4C5DE82E08E}.SingleImage|Any CPU.ActiveCfg = Release|Any CPU
		{510AC2D2-F9F1-4E0F-9A3C-B4C5DE82E08E}.SingleImage|Any CPU.Build.0 = Release|Any CPU
		{510AC2D2-F9F1-4E0F-9A3C-B4C5DE82E08E}.SingleImage|Mixed Platforms.ActiveCfg = Release|Any CPU
		{510AC2D2-F9F1-4E0F-9A3C-B4C5DE82E08E}.SingleImage|Mixed Platforms.Build.0 = Release|Any CPU
		{510AC2D2-F9F1-4E0F-9A3C-B4C5DE82E08E}.SingleImage|x64.ActiveCfg = Debug|Any CPU
		{510AC2D2-F9F1-4E0F-9A3C-B4C5DE82E08E}.SingleImage|x86.ActiveCfg = Release|Any CPU
		{BA87A3F0-E28C-4CC4-943B-2E1909DB0230}.CD_ROM|Any CPU.ActiveCfg = Release|Any CPU
		{BA87A3F0-E28C-4CC4-943B-2E1909DB0230}.CD_ROM|Any CPU.Build.0 = Release|Any CPU
		{BA87A3F0-E28C-4CC4-943B-2E1909DB0230}.CD_ROM|Mixed Platforms.ActiveCfg = Release|Any CPU
		{BA87A3F0-E28C-4CC4-943B-2E1909DB0230}.CD_ROM|Mixed Platforms.Build.0 = Release|Any CPU
		{BA87A3F0-E28C-4CC4-943B-2E1909DB0230}.CD_ROM|x64.ActiveCfg = Debug|Any CPU
		{BA87A3F0-E28C-4CC4-943B-2E1909DB0230}.CD_ROM|x86.ActiveCfg = Release|Any CPU
		{BA87A3F0-E28C-4CC4-943B-2E1909DB0230}.Debug|Any CPU.ActiveCfg = Debug|Any CPU
		{BA87A3F0-E28C-4CC4-943B-2E1909DB0230}.Debug|Any CPU.Build.0 = Debug|Any CPU
		{BA87A3F0-E28C-4CC4-943B-2E1909DB0230}.Debug|Mixed Platforms.ActiveCfg = Debug|Any CPU
		{BA87A3F0-E28C-4CC4-943B-2E1909DB0230}.Debug|Mixed Platforms.Build.0 = Debug|Any CPU
		{BA87A3F0-E28C-4CC4-943B-2E1909DB0230}.Debug|x64.ActiveCfg = Debug|Any CPU
		{BA87A3F0-E28C-4CC4-943B-2E1909DB0230}.Debug|x86.ActiveCfg = Debug|Any CPU
		{BA87A3F0-E28C-4CC4-943B-2E1909DB0230}.DVD-5|Any CPU.ActiveCfg = Debug|Any CPU
		{BA87A3F0-E28C-4CC4-943B-2E1909DB0230}.DVD-5|Any CPU.Build.0 = Debug|Any CPU
		{BA87A3F0-E28C-4CC4-943B-2E1909DB0230}.DVD-5|Mixed Platforms.ActiveCfg = Debug|Any CPU
		{BA87A3F0-E28C-4CC4-943B-2E1909DB0230}.DVD-5|Mixed Platforms.Build.0 = Debug|Any CPU
		{BA87A3F0-E28C-4CC4-943B-2E1909DB0230}.DVD-5|x64.ActiveCfg = Debug|Any CPU
		{BA87A3F0-E28C-4CC4-943B-2E1909DB0230}.DVD-5|x86.ActiveCfg = Debug|Any CPU
		{BA87A3F0-E28C-4CC4-943B-2E1909DB0230}.Release|Any CPU.ActiveCfg = Release|Any CPU
		{BA87A3F0-E28C-4CC4-943B-2E1909DB0230}.Release|Any CPU.Build.0 = Release|Any CPU
		{BA87A3F0-E28C-4CC4-943B-2E1909DB0230}.Release|Mixed Platforms.ActiveCfg = Release|Any CPU
		{BA87A3F0-E28C-4CC4-943B-2E1909DB0230}.Release|Mixed Platforms.Build.0 = Release|Any CPU
		{BA87A3F0-E28C-4CC4-943B-2E1909DB0230}.Release|x64.ActiveCfg = Release|Any CPU
		{BA87A3F0-E28C-4CC4-943B-2E1909DB0230}.Release|x86.ActiveCfg = Release|Any CPU
		{BA87A3F0-E28C-4CC4-943B-2E1909DB0230}.SingleImage|Any CPU.ActiveCfg = Release|Any CPU
		{BA87A3F0-E28C-4CC4-943B-2E1909DB0230}.SingleImage|Any CPU.Build.0 = Release|Any CPU
		{BA87A3F0-E28C-4CC4-943B-2E1909DB0230}.SingleImage|Mixed Platforms.ActiveCfg = Release|Any CPU
		{BA87A3F0-E28C-4CC4-943B-2E1909DB0230}.SingleImage|Mixed Platforms.Build.0 = Release|Any CPU
		{BA87A3F0-E28C-4CC4-943B-2E1909DB0230}.SingleImage|x64.ActiveCfg = Debug|Any CPU
		{BA87A3F0-E28C-4CC4-943B-2E1909DB0230}.SingleImage|x86.ActiveCfg = Release|Any CPU
		{9F7953B5-BABD-4B88-B9CB-D73898AF4F79}.CD_ROM|Any CPU.ActiveCfg = Release|Any CPU
		{9F7953B5-BABD-4B88-B9CB-D73898AF4F79}.CD_ROM|Any CPU.Build.0 = Release|Any CPU
		{9F7953B5-BABD-4B88-B9CB-D73898AF4F79}.CD_ROM|Mixed Platforms.ActiveCfg = Release|Any CPU
		{9F7953B5-BABD-4B88-B9CB-D73898AF4F79}.CD_ROM|Mixed Platforms.Build.0 = Release|Any CPU
		{9F7953B5-BABD-4B88-B9CB-D73898AF4F79}.CD_ROM|x64.ActiveCfg = Debug|Any CPU
		{9F7953B5-BABD-4B88-B9CB-D73898AF4F79}.CD_ROM|x86.ActiveCfg = Release|Any CPU
		{9F7953B5-BABD-4B88-B9CB-D73898AF4F79}.Debug|Any CPU.ActiveCfg = Debug|Any CPU
		{9F7953B5-BABD-4B88-B9CB-D73898AF4F79}.Debug|Any CPU.Build.0 = Debug|Any CPU
		{9F7953B5-BABD-4B88-B9CB-D73898AF4F79}.Debug|Mixed Platforms.ActiveCfg = Debug|Any CPU
		{9F7953B5-BABD-4B88-B9CB-D73898AF4F79}.Debug|Mixed Platforms.Build.0 = Debug|Any CPU
		{9F7953B5-BABD-4B88-B9CB-D73898AF4F79}.Debug|x64.ActiveCfg = Debug|Any CPU
		{9F7953B5-BABD-4B88-B9CB-D73898AF4F79}.Debug|x86.ActiveCfg = Debug|Any CPU
		{9F7953B5-BABD-4B88-B9CB-D73898AF4F79}.DVD-5|Any CPU.ActiveCfg = Debug|Any CPU
		{9F7953B5-BABD-4B88-B9CB-D73898AF4F79}.DVD-5|Any CPU.Build.0 = Debug|Any CPU
		{9F7953B5-BABD-4B88-B9CB-D73898AF4F79}.DVD-5|Mixed Platforms.ActiveCfg = Debug|Any CPU
		{9F7953B5-BABD-4B88-B9CB-D73898AF4F79}.DVD-5|Mixed Platforms.Build.0 = Debug|Any CPU
		{9F7953B5-BABD-4B88-B9CB-D73898AF4F79}.DVD-5|x64.ActiveCfg = Debug|Any CPU
		{9F7953B5-BABD-4B88-B9CB-D73898AF4F79}.DVD-5|x86.ActiveCfg = Debug|Any CPU
		{9F7953B5-BABD-4B88-B9CB-D73898AF4F79}.Release|Any CPU.ActiveCfg = Release|Any CPU
		{9F7953B5-BABD-4B88-B9CB-D73898AF4F79}.Release|Any CPU.Build.0 = Release|Any CPU
		{9F7953B5-BABD-4B88-B9CB-D73898AF4F79}.Release|Mixed Platforms.ActiveCfg = Release|Any CPU
		{9F7953B5-BABD-4B88-B9CB-D73898AF4F79}.Release|Mixed Platforms.Build.0 = Release|Any CPU
		{9F7953B5-BABD-4B88-B9CB-D73898AF4F79}.Release|x64.ActiveCfg = Release|Any CPU
		{9F7953B5-BABD-4B88-B9CB-D73898AF4F79}.Release|x86.ActiveCfg = Release|Any CPU
		{9F7953B5-BABD-4B88-B9CB-D73898AF4F79}.SingleImage|Any CPU.ActiveCfg = Release|Any CPU
		{9F7953B5-BABD-4B88-B9CB-D73898AF4F79}.SingleImage|Any CPU.Build.0 = Release|Any CPU
		{9F7953B5-BABD-4B88-B9CB-D73898AF4F79}.SingleImage|Mixed Platforms.ActiveCfg = Release|Any CPU
		{9F7953B5-BABD-4B88-B9CB-D73898AF4F79}.SingleImage|Mixed Platforms.Build.0 = Release|Any CPU
		{9F7953B5-BABD-4B88-B9CB-D73898AF4F79}.SingleImage|x64.ActiveCfg = Debug|Any CPU
		{9F7953B5-BABD-4B88-B9CB-D73898AF4F79}.SingleImage|x86.ActiveCfg = Release|Any CPU
		{1005DE71-8B98-4C78-8EE4-C577F1A64361}.CD_ROM|Any CPU.ActiveCfg = Release|Any CPU
		{1005DE71-8B98-4C78-8EE4-C577F1A64361}.CD_ROM|Any CPU.Build.0 = Release|Any CPU
		{1005DE71-8B98-4C78-8EE4-C577F1A64361}.CD_ROM|Mixed Platforms.ActiveCfg = Release|Any CPU
		{1005DE71-8B98-4C78-8EE4-C577F1A64361}.CD_ROM|Mixed Platforms.Build.0 = Release|Any CPU
		{1005DE71-8B98-4C78-8EE4-C577F1A64361}.CD_ROM|x64.ActiveCfg = Debug|Any CPU
		{1005DE71-8B98-4C78-8EE4-C577F1A64361}.CD_ROM|x86.ActiveCfg = Release|Any CPU
		{1005DE71-8B98-4C78-8EE4-C577F1A64361}.Debug|Any CPU.ActiveCfg = Debug|Any CPU
		{1005DE71-8B98-4C78-8EE4-C577F1A64361}.Debug|Any CPU.Build.0 = Debug|Any CPU
		{1005DE71-8B98-4C78-8EE4-C577F1A64361}.Debug|Mixed Platforms.ActiveCfg = Debug|Any CPU
		{1005DE71-8B98-4C78-8EE4-C577F1A64361}.Debug|Mixed Platforms.Build.0 = Debug|Any CPU
		{1005DE71-8B98-4C78-8EE4-C577F1A64361}.Debug|x64.ActiveCfg = Debug|Any CPU
		{1005DE71-8B98-4C78-8EE4-C577F1A64361}.Debug|x86.ActiveCfg = Debug|Any CPU
		{1005DE71-8B98-4C78-8EE4-C577F1A64361}.DVD-5|Any CPU.ActiveCfg = Debug|Any CPU
		{1005DE71-8B98-4C78-8EE4-C577F1A64361}.DVD-5|Any CPU.Build.0 = Debug|Any CPU
		{1005DE71-8B98-4C78-8EE4-C577F1A64361}.DVD-5|Mixed Platforms.ActiveCfg = Debug|Any CPU
		{1005DE71-8B98-4C78-8EE4-C577F1A64361}.DVD-5|Mixed Platforms.Build.0 = Debug|Any CPU
		{1005DE71-8B98-4C78-8EE4-C577F1A64361}.DVD-5|x64.ActiveCfg = Debug|Any CPU
		{1005DE71-8B98-4C78-8EE4-C577F1A64361}.DVD-5|x86.ActiveCfg = Debug|Any CPU
		{1005DE71-8B98-4C78-8EE4-C577F1A64361}.Release|Any CPU.ActiveCfg = Release|Any CPU
		{1005DE71-8B98-4C78-8EE4-C577F1A64361}.Release|Any CPU.Build.0 = Release|Any CPU
		{1005DE71-8B98-4C78-8EE4-C577F1A64361}.Release|Mixed Platforms.ActiveCfg = Release|Any CPU
		{1005DE71-8B98-4C78-8EE4-C577F1A64361}.Release|Mixed Platforms.Build.0 = Release|Any CPU
		{1005DE71-8B98-4C78-8EE4-C577F1A64361}.Release|x64.ActiveCfg = Release|Any CPU
		{1005DE71-8B98-4C78-8EE4-C577F1A64361}.Release|x86.ActiveCfg = Release|Any CPU
		{1005DE71-8B98-4C78-8EE4-C577F1A64361}.SingleImage|Any CPU.ActiveCfg = Release|Any CPU
		{1005DE71-8B98-4C78-8EE4-C577F1A64361}.SingleImage|Any CPU.Build.0 = Release|Any CPU
		{1005DE71-8B98-4C78-8EE4-C577F1A64361}.SingleImage|Mixed Platforms.ActiveCfg = Release|Any CPU
		{1005DE71-8B98-4C78-8EE4-C577F1A64361}.SingleImage|Mixed Platforms.Build.0 = Release|Any CPU
		{1005DE71-8B98-4C78-8EE4-C577F1A64361}.SingleImage|x64.ActiveCfg = Debug|Any CPU
		{1005DE71-8B98-4C78-8EE4-C577F1A64361}.SingleImage|x86.ActiveCfg = Release|Any CPU
		{F8A39FFC-98FD-4961-98EC-6BB1590D0ACE}.CD_ROM|Any CPU.ActiveCfg = Release|Any CPU
		{F8A39FFC-98FD-4961-98EC-6BB1590D0ACE}.CD_ROM|Any CPU.Build.0 = Release|Any CPU
		{F8A39FFC-98FD-4961-98EC-6BB1590D0ACE}.CD_ROM|Mixed Platforms.ActiveCfg = Release|Any CPU
		{F8A39FFC-98FD-4961-98EC-6BB1590D0ACE}.CD_ROM|Mixed Platforms.Build.0 = Release|Any CPU
		{F8A39FFC-98FD-4961-98EC-6BB1590D0ACE}.CD_ROM|x64.ActiveCfg = Debug|Any CPU
		{F8A39FFC-98FD-4961-98EC-6BB1590D0ACE}.CD_ROM|x86.ActiveCfg = Release|Any CPU
		{F8A39FFC-98FD-4961-98EC-6BB1590D0ACE}.Debug|Any CPU.ActiveCfg = Debug|Any CPU
		{F8A39FFC-98FD-4961-98EC-6BB1590D0ACE}.Debug|Any CPU.Build.0 = Debug|Any CPU
		{F8A39FFC-98FD-4961-98EC-6BB1590D0ACE}.Debug|Mixed Platforms.ActiveCfg = Debug|Any CPU
		{F8A39FFC-98FD-4961-98EC-6BB1590D0ACE}.Debug|Mixed Platforms.Build.0 = Debug|Any CPU
		{F8A39FFC-98FD-4961-98EC-6BB1590D0ACE}.Debug|x64.ActiveCfg = Debug|Any CPU
		{F8A39FFC-98FD-4961-98EC-6BB1590D0ACE}.Debug|x86.ActiveCfg = Debug|Any CPU
		{F8A39FFC-98FD-4961-98EC-6BB1590D0ACE}.DVD-5|Any CPU.ActiveCfg = Debug|Any CPU
		{F8A39FFC-98FD-4961-98EC-6BB1590D0ACE}.DVD-5|Any CPU.Build.0 = Debug|Any CPU
		{F8A39FFC-98FD-4961-98EC-6BB1590D0ACE}.DVD-5|Mixed Platforms.ActiveCfg = Debug|Any CPU
		{F8A39FFC-98FD-4961-98EC-6BB1590D0ACE}.DVD-5|Mixed Platforms.Build.0 = Debug|Any CPU
		{F8A39FFC-98FD-4961-98EC-6BB1590D0ACE}.DVD-5|x64.ActiveCfg = Debug|Any CPU
		{F8A39FFC-98FD-4961-98EC-6BB1590D0ACE}.DVD-5|x86.ActiveCfg = Debug|Any CPU
		{F8A39FFC-98FD-4961-98EC-6BB1590D0ACE}.Release|Any CPU.ActiveCfg = Release|Any CPU
		{F8A39FFC-98FD-4961-98EC-6BB1590D0ACE}.Release|Any CPU.Build.0 = Release|Any CPU
		{F8A39FFC-98FD-4961-98EC-6BB1590D0ACE}.Release|Mixed Platforms.ActiveCfg = Release|Any CPU
		{F8A39FFC-98FD-4961-98EC-6BB1590D0ACE}.Release|Mixed Platforms.Build.0 = Release|Any CPU
		{F8A39FFC-98FD-4961-98EC-6BB1590D0ACE}.Release|x64.ActiveCfg = Release|Any CPU
		{F8A39FFC-98FD-4961-98EC-6BB1590D0ACE}.Release|x86.ActiveCfg = Release|Any CPU
		{F8A39FFC-98FD-4961-98EC-6BB1590D0ACE}.SingleImage|Any CPU.ActiveCfg = Release|Any CPU
		{F8A39FFC-98FD-4961-98EC-6BB1590D0ACE}.SingleImage|Any CPU.Build.0 = Release|Any CPU
		{F8A39FFC-98FD-4961-98EC-6BB1590D0ACE}.SingleImage|Mixed Platforms.ActiveCfg = Release|Any CPU
		{F8A39FFC-98FD-4961-98EC-6BB1590D0ACE}.SingleImage|Mixed Platforms.Build.0 = Release|Any CPU
		{F8A39FFC-98FD-4961-98EC-6BB1590D0ACE}.SingleImage|x64.ActiveCfg = Debug|Any CPU
		{F8A39FFC-98FD-4961-98EC-6BB1590D0ACE}.SingleImage|x86.ActiveCfg = Release|Any CPU
		{FEC8DCD1-007C-4196-B427-ADF221382559}.CD_ROM|Any CPU.ActiveCfg = Release|Any CPU
		{FEC8DCD1-007C-4196-B427-ADF221382559}.CD_ROM|Any CPU.Build.0 = Release|Any CPU
		{FEC8DCD1-007C-4196-B427-ADF221382559}.CD_ROM|Mixed Platforms.ActiveCfg = Release|Any CPU
		{FEC8DCD1-007C-4196-B427-ADF221382559}.CD_ROM|Mixed Platforms.Build.0 = Release|Any CPU
		{FEC8DCD1-007C-4196-B427-ADF221382559}.CD_ROM|x64.ActiveCfg = Debug|Any CPU
		{FEC8DCD1-007C-4196-B427-ADF221382559}.CD_ROM|x86.ActiveCfg = Release|Any CPU
		{FEC8DCD1-007C-4196-B427-ADF221382559}.Debug|Any CPU.ActiveCfg = Debug|Any CPU
		{FEC8DCD1-007C-4196-B427-ADF221382559}.Debug|Any CPU.Build.0 = Debug|Any CPU
		{FEC8DCD1-007C-4196-B427-ADF221382559}.Debug|Mixed Platforms.ActiveCfg = Debug|Any CPU
		{FEC8DCD1-007C-4196-B427-ADF221382559}.Debug|Mixed Platforms.Build.0 = Debug|Any CPU
		{FEC8DCD1-007C-4196-B427-ADF221382559}.Debug|x64.ActiveCfg = Debug|Any CPU
		{FEC8DCD1-007C-4196-B427-ADF221382559}.Debug|x86.ActiveCfg = Debug|Any CPU
		{FEC8DCD1-007C-4196-B427-ADF221382559}.DVD-5|Any CPU.ActiveCfg = Debug|Any CPU
		{FEC8DCD1-007C-4196-B427-ADF221382559}.DVD-5|Any CPU.Build.0 = Debug|Any CPU
		{FEC8DCD1-007C-4196-B427-ADF221382559}.DVD-5|Mixed Platforms.ActiveCfg = Debug|Any CPU
		{FEC8DCD1-007C-4196-B427-ADF221382559}.DVD-5|Mixed Platforms.Build.0 = Debug|Any CPU
		{FEC8DCD1-007C-4196-B427-ADF221382559}.DVD-5|x64.ActiveCfg = Debug|Any CPU
		{FEC8DCD1-007C-4196-B427-ADF221382559}.DVD-5|x86.ActiveCfg = Debug|Any CPU
		{FEC8DCD1-007C-4196-B427-ADF221382559}.Release|Any CPU.ActiveCfg = Release|Any CPU
		{FEC8DCD1-007C-4196-B427-ADF221382559}.Release|Any CPU.Build.0 = Release|Any CPU
		{FEC8DCD1-007C-4196-B427-ADF221382559}.Release|Mixed Platforms.ActiveCfg = Release|Any CPU
		{FEC8DCD1-007C-4196-B427-ADF221382559}.Release|Mixed Platforms.Build.0 = Release|Any CPU
		{FEC8DCD1-007C-4196-B427-ADF221382559}.Release|x64.ActiveCfg = Release|Any CPU
		{FEC8DCD1-007C-4196-B427-ADF221382559}.Release|x86.ActiveCfg = Release|Any CPU
		{FEC8DCD1-007C-4196-B427-ADF221382559}.SingleImage|Any CPU.ActiveCfg = Release|Any CPU
		{FEC8DCD1-007C-4196-B427-ADF221382559}.SingleImage|Any CPU.Build.0 = Release|Any CPU
		{FEC8DCD1-007C-4196-B427-ADF221382559}.SingleImage|Mixed Platforms.ActiveCfg = Release|Any CPU
		{FEC8DCD1-007C-4196-B427-ADF221382559}.SingleImage|Mixed Platforms.Build.0 = Release|Any CPU
		{FEC8DCD1-007C-4196-B427-ADF221382559}.SingleImage|x64.ActiveCfg = Debug|Any CPU
		{FEC8DCD1-007C-4196-B427-ADF221382559}.SingleImage|x86.ActiveCfg = Release|Any CPU
		{EC5C88F1-AB88-4517-8CBE-50B2C6EF1F55}.CD_ROM|Any CPU.ActiveCfg = Release|Any CPU
		{EC5C88F1-AB88-4517-8CBE-50B2C6EF1F55}.CD_ROM|Any CPU.Build.0 = Release|Any CPU
		{EC5C88F1-AB88-4517-8CBE-50B2C6EF1F55}.CD_ROM|Mixed Platforms.ActiveCfg = Release|x86
		{EC5C88F1-AB88-4517-8CBE-50B2C6EF1F55}.CD_ROM|Mixed Platforms.Build.0 = Release|x86
		{EC5C88F1-AB88-4517-8CBE-50B2C6EF1F55}.CD_ROM|x64.ActiveCfg = Release|x64
		{EC5C88F1-AB88-4517-8CBE-50B2C6EF1F55}.CD_ROM|x64.Build.0 = Release|x64
		{EC5C88F1-AB88-4517-8CBE-50B2C6EF1F55}.CD_ROM|x86.ActiveCfg = Release|x86
		{EC5C88F1-AB88-4517-8CBE-50B2C6EF1F55}.CD_ROM|x86.Build.0 = Release|x86
		{EC5C88F1-AB88-4517-8CBE-50B2C6EF1F55}.Debug|Any CPU.ActiveCfg = Debug|Any CPU
		{EC5C88F1-AB88-4517-8CBE-50B2C6EF1F55}.Debug|Any CPU.Build.0 = Debug|Any CPU
		{EC5C88F1-AB88-4517-8CBE-50B2C6EF1F55}.Debug|Mixed Platforms.ActiveCfg = Debug|Any CPU
		{EC5C88F1-AB88-4517-8CBE-50B2C6EF1F55}.Debug|Mixed Platforms.Build.0 = Debug|Any CPU
		{EC5C88F1-AB88-4517-8CBE-50B2C6EF1F55}.Debug|x64.ActiveCfg = Debug|x64
		{EC5C88F1-AB88-4517-8CBE-50B2C6EF1F55}.Debug|x64.Build.0 = Debug|x64
		{EC5C88F1-AB88-4517-8CBE-50B2C6EF1F55}.Debug|x86.ActiveCfg = Debug|x86
		{EC5C88F1-AB88-4517-8CBE-50B2C6EF1F55}.Debug|x86.Build.0 = Debug|x86
		{EC5C88F1-AB88-4517-8CBE-50B2C6EF1F55}.DVD-5|Any CPU.ActiveCfg = Debug|Any CPU
		{EC5C88F1-AB88-4517-8CBE-50B2C6EF1F55}.DVD-5|Any CPU.Build.0 = Debug|Any CPU
		{EC5C88F1-AB88-4517-8CBE-50B2C6EF1F55}.DVD-5|Mixed Platforms.ActiveCfg = Debug|x86
		{EC5C88F1-AB88-4517-8CBE-50B2C6EF1F55}.DVD-5|Mixed Platforms.Build.0 = Debug|x86
		{EC5C88F1-AB88-4517-8CBE-50B2C6EF1F55}.DVD-5|x64.ActiveCfg = Debug|x64
		{EC5C88F1-AB88-4517-8CBE-50B2C6EF1F55}.DVD-5|x64.Build.0 = Debug|x64
		{EC5C88F1-AB88-4517-8CBE-50B2C6EF1F55}.DVD-5|x86.ActiveCfg = Debug|x86
		{EC5C88F1-AB88-4517-8CBE-50B2C6EF1F55}.DVD-5|x86.Build.0 = Debug|x86
		{EC5C88F1-AB88-4517-8CBE-50B2C6EF1F55}.Release|Any CPU.ActiveCfg = Release|Any CPU
		{EC5C88F1-AB88-4517-8CBE-50B2C6EF1F55}.Release|Any CPU.Build.0 = Release|Any CPU
		{EC5C88F1-AB88-4517-8CBE-50B2C6EF1F55}.Release|Mixed Platforms.ActiveCfg = Release|x86
		{EC5C88F1-AB88-4517-8CBE-50B2C6EF1F55}.Release|Mixed Platforms.Build.0 = Release|x86
		{EC5C88F1-AB88-4517-8CBE-50B2C6EF1F55}.Release|x64.ActiveCfg = Release|x64
		{EC5C88F1-AB88-4517-8CBE-50B2C6EF1F55}.Release|x64.Build.0 = Release|x64
		{EC5C88F1-AB88-4517-8CBE-50B2C6EF1F55}.Release|x86.ActiveCfg = Release|x86
		{EC5C88F1-AB88-4517-8CBE-50B2C6EF1F55}.Release|x86.Build.0 = Release|x86
		{EC5C88F1-AB88-4517-8CBE-50B2C6EF1F55}.SingleImage|Any CPU.ActiveCfg = Release|Any CPU
		{EC5C88F1-AB88-4517-8CBE-50B2C6EF1F55}.SingleImage|Any CPU.Build.0 = Release|Any CPU
		{EC5C88F1-AB88-4517-8CBE-50B2C6EF1F55}.SingleImage|Mixed Platforms.ActiveCfg = Release|x86
		{EC5C88F1-AB88-4517-8CBE-50B2C6EF1F55}.SingleImage|Mixed Platforms.Build.0 = Release|x86
		{EC5C88F1-AB88-4517-8CBE-50B2C6EF1F55}.SingleImage|x64.ActiveCfg = Release|x64
		{EC5C88F1-AB88-4517-8CBE-50B2C6EF1F55}.SingleImage|x64.Build.0 = Release|x64
		{EC5C88F1-AB88-4517-8CBE-50B2C6EF1F55}.SingleImage|x86.ActiveCfg = Release|x86
		{EC5C88F1-AB88-4517-8CBE-50B2C6EF1F55}.SingleImage|x86.Build.0 = Release|x86
	EndGlobalSection
	GlobalSection(SolutionProperties) = preSolution
		HideSolutionNode = FALSE
	EndGlobalSection
	GlobalSection(ExtensibilityGlobals) = postSolution
		EnterpriseLibraryConfigurationToolBinariesPathV6 = packages\EnterpriseLibrary.Common.6.0.1304.0\lib\NET45;packages\EnterpriseLibrary.ExceptionHandling.6.0.1304.0\lib\NET45;packages\EnterpriseLibrary.Logging.6.0.1304.0\lib\NET45
		SolutionGuid = {069456D7-1182-48CA-AE31-507CE440AC6F}
	EndGlobalSection
EndGlobal
